
Microsoft Visual Studio Solution File, Format Version 12.00
# Visual Studio Version 17
VisualStudioVersion = 17.11.35222.181
MinimumVisualStudioVersion = 10.0.40219.1
Project("{FAE04EC0-301F-11D3-BF4B-00C04F79EFBC}") = "MicorosoftToDo", "MicorosoftToDo\MicorosoftToDo.csproj", "{A9177F08-C177-4AD8-8897-227DBB164BAA}"
EndProject
Global
	GlobalSection(SolutionConfigurationPlatforms) = preSolution
		Debug|Any CPU = Debug|Any CPU
		Release|Any CPU = Release|Any CPU
	EndGlobalSection
	GlobalSection(ProjectConfigurationPlatforms) = postSolution
		{A9177F08-C177-4AD8-8897-227DBB164BAA}.Debug|Any CPU.ActiveCfg = Debug|Any CPU
		{A9177F08-C177-4AD8-8897-227DBB164BAA}.Debug|Any CPU.Build.0 = Debug|Any CPU
		{A9177F08-C177-4AD8-8897-227DBB164BAA}.Release|Any CPU.ActiveCfg = Release|Any CPU
		{A9177F08-C177-4AD8-8897-227DBB164BAA}.Release|Any CPU.Build.0 = Release|Any CPU
	EndGlobalSection
	GlobalSection(SolutionProperties) = preSolution
		HideSolutionNode = FALSE
	EndGlobalSection
	GlobalSection(ExtensibilityGlobals) = postSolution
		SolutionGuid = {6DF41B2D-200F-41E7-A0E4-A43E4B9C1801}
	EndGlobalSection
EndGlobal
